<?xml version="1.0" encoding="utf-8"?>
<Project ToolsVersion="4.0" xmlns="http://schemas.microsoft.com/developer/msbuild/2003">
  <ItemGroup>
    <Filter Include="リソースファイル">
      <UniqueIdentifier>{7f26a98d-293d-4669-b870-1276dae7defd}</UniqueIdentifier>
    </Filter>
    <Filter Include="ヘッダーファイル">
      <UniqueIdentifier>{85d85e01-de6f-43e8-b15e-f465d2e07038}</UniqueIdentifier>
    </Filter>
    <Filter Include="ソースファイル">
      <UniqueIdentifier>{5210d6b1-17cc-4c08-9115-a821cf8b49f7}</UniqueIdentifier>
    </Filter>
  </ItemGroup>
  <ItemGroup>
    <ResourceCompile Include="Resource.rc">
      <Filter>リソースファイル</Filter>
    </ResourceCompile>
  </ItemGroup>
  <ItemGroup>
    <ClInclude Include="atsplugin.h">
      <Filter>ヘッダーファイル</Filter>
    </ClInclude>
    <ClInclude Include="resource.h">
      <Filter>ヘッダーファイル</Filter>
    </ClInclude>
    <ClInclude Include="..\..\common\CURRENT_SET.h">
      <Filter>ヘッダーファイル</Filter>
    </ClInclude>
    <ClInclude Include="MakePatternErr.h">
      <Filter>ヘッダーファイル</Filter>
    </ClInclude>
  </ItemGroup>
  <ItemGroup>
    <ClCompile Include="dllmain.cpp">
      <Filter>ソースファイル</Filter>
    </ClCompile>
    <ClCompile Include="MakePatternErr.cpp">
      <Filter>ソースファイル</Filter>
    </ClCompile>
  </ItemGroup>
</Project>