<?xml version="1.0" encoding="utf-8"?>
<Project ToolsVersion="4.0" xmlns="http://schemas.microsoft.com/developer/msbuild/2003">
  <ItemGroup>
    <Filter Include="リソースファイル">
      <UniqueIdentifier>{edc04ae1-0f81-445c-9ceb-d1220153b32e}</UniqueIdentifier>
    </Filter>
    <Filter Include="ヘッダーファイル">
      <UniqueIdentifier>{370a0013-3e55-45cd-963c-e05b2cb4bb86}</UniqueIdentifier>
    </Filter>
    <Filter Include="ソースファイル">
      <UniqueIdentifier>{1ae4927f-4715-4066-928c-8fb003ec8d08}</UniqueIdentifier>
    </Filter>
  </ItemGroup>
  <ItemGroup>
    <None Include="cpp.hint" />
    <None Include="Source.def">
      <Filter>ソースファイル</Filter>
    </None>
  </ItemGroup>
  <ItemGroup>
    <ClCompile Include="dllmain.cpp">
      <Filter>ソースファイル</Filter>
    </ClCompile>
    <ClCompile Include="MakePattern.cpp">
      <Filter>ソースファイル</Filter>
    </ClCompile>
  </ItemGroup>
  <ItemGroup>
    <ClInclude Include="atsplugin.h">
      <Filter>ヘッダーファイル</Filter>
    </ClInclude>
    <ClInclude Include="MakePattern.h">
      <Filter>ヘッダーファイル</Filter>
    </ClInclude>
    <ClInclude Include="..\..\common\CURRENT_SET.h">
      <Filter>ヘッダーファイル</Filter>
    </ClInclude>
    <ClInclude Include="resource.h" />
  </ItemGroup>
  <ItemGroup>
    <ResourceCompile Include="Resource.rc" />
  </ItemGroup>
</Project>